# THIS IS AN AUTOGENERATED FILE. DO NOT EDIT THIS FILE DIRECTLY.
# yarn lockfile v1


is-plain-object@^2.0.4:
  version "2.0.4"
  resolved "http://registry.npm.taobao.org/is-plain-object/download/is-plain-object-2.0.4.tgz#2c163b3fafb1b606d9d17928f05c2a1c38e07677"
  dependencies:
    isobject "^3.0.1"

isobject@^3.0.1:
  version "3.0.1"
  resolved "http://registry.npm.taobao.org/isobject/download/isobject-3.0.1.tgz#4e431e92b11a9731636aa1f9c8d1ccbcfdab78df"

three@^0.95.0:
  version "0.95.0"
  resolved "http://registry.npm.taobao.org/three/download/three-0.95.0.tgz#b60ea076ba17df9faba9e855b86ab3f541289abf"

umi-plugin-routes@^0.1.2:
  version "0.1.5"
  resolved "http://registry.npm.taobao.org/umi-plugin-routes/download/umi-plugin-routes-0.1.5.tgz#f4eea4f83d21dc0bc748c466ab5d74fe18ed7c77"
  dependencies:
    is-plain-object "^2.0.4"
